<Solution>
  <Folder Name="/packages/" />
  <Folder Name="/packages/auth/">
    <Project Path="packages/auth/Pharmacore.Auth.Test/Pharmacore.Auth.Test.csproj" />
    <Project Path="packages/auth/Pharmacore.Auth/Pharmacore.Auth.csproj" />
  </Folder>
  <Folder Name="/packages/product/">
    <Project Path="packages/product/Pharmacore.Product.Test/Pharmacore.Product.Test.csproj" />
    <Project Path="packages/product/Pharmacore.Product/Pharmacore.Product.csproj" />
  </Folder>
  <Folder Name="/packages/shared/">
    <Project Path="packages/shared/Pharmacore.Core.Test/Pharmacore.Core.Test.csproj" />
    <Project Path="packages/shared/Pharmacore.Core/Pharmacore.Core.csproj" />
  </Folder>
</Solution>
